// !$*UTF8*$!
{
	archiveVersion = 1;
	classes = {
	};
	objectVersion = 55;
	objects = {

/* Begin PBXBuildFile section */
		00283B54BA5897ABD6F75519 /* Pods_MyStory.framework in Frameworks */ = {isa = PBXBuildFile; fileRef = 0DB88713666A6EF493BBC9F0 /* Pods_MyStory.framework */; };
		659F3AE42788B58000DEF325 /* FeedVC.swift in Sources */ = {isa = PBXBuildFile; fileRef = 659F3AE32788B58000DEF325 /* FeedVC.swift */; };
		659F3AE62788B59300DEF325 /* UploadVC.swift in Sources */ = {isa = PBXBuildFile; fileRef = 659F3AE52788B59300DEF325 /* UploadVC.swift */; };
		659F3AE82788B5AE00DEF325 /* SettingsVC.swift in Sources */ = {isa = PBXBuildFile; fileRef = 659F3AE72788B5AE00DEF325 /* SettingsVC.swift */; };
		659F3AEC2788B98E00DEF325 /* SignupVC.swift in Sources */ = {isa = PBXBuildFile; fileRef = 659F3AEB2788B98E00DEF325 /* SignupVC.swift */; };
		659F3AEE2788C00100DEF325 /* StoryVC.swift in Sources */ = {isa = PBXBuildFile; fileRef = 659F3AED2788C00100DEF325 /* StoryVC.swift */; };
		659F3AF127899B0800DEF325 /* UserSingleton.swift in Sources */ = {isa = PBXBuildFile; fileRef = 659F3AF027899B0800DEF325 /* UserSingleton.swift */; };
		659F3AF32789BFA600DEF325 /* FeedCell.swift in Sources */ = {isa = PBXBuildFile; fileRef = 659F3AF22789BFA600DEF325 /* FeedCell.swift */; };
		659F3AF52789C56800DEF325 /* Story.swift in Sources */ = {isa = PBXBuildFile; fileRef = 659F3AF42789C56800DEF325 /* Story.swift */; };
		65CB552E278826D5006B4D42 /* AppDelegate.swift in Sources */ = {isa = PBXBuildFile; fileRef = 65CB552D278826D5006B4D42 /* AppDelegate.swift */; };
		65CB5530278826D5006B4D42 /* SceneDelegate.swift in Sources */ = {isa = PBXBuildFile; fileRef = 65CB552F278826D5006B4D42 /* SceneDelegate.swift */; };
		65CB5532278826D5006B4D42 /* SigninVC.swift in Sources */ = {isa = PBXBuildFile; fileRef = 65CB5531278826D5006B4D42 /* SigninVC.swift */; };
		65CB5535278826D5006B4D42 /* Main.storyboard in Resources */ = {isa = PBXBuildFile; fileRef = 65CB5533278826D5006B4D42 /* Main.storyboard */; };
		65CB5537278826D6006B4D42 /* Assets.xcassets in Resources */ = {isa = PBXBuildFile; fileRef = 65CB5536278826D6006B4D42 /* Assets.xcassets */; };
		65CB553A278826D6006B4D42 /* LaunchScreen.storyboard in Resources */ = {isa = PBXBuildFile; fileRef = 65CB5538278826D6006B4D42 /* LaunchScreen.storyboard */; };
		65CB554227882782006B4D42 /* GoogleService-Info.plist in Resources */ = {isa = PBXBuildFile; fileRef = 65CB554127882782006B4D42 /* GoogleService-Info.plist */; };
/* End PBXBuildFile section */

/* Begin PBXFileReference section */
		0DB88713666A6EF493BBC9F0 /* Pods_MyStory.framework */ = {isa = PBXFileReference; explicitFileType = wrapper.framework; includeInIndex = 0; path = Pods_MyStory.framework; sourceTree = BUILT_PRODUCTS_DIR; };
		2CE59C66CCECF5EC87552B2E /* Pods-MyStory.debug.xcconfig */ = {isa = PBXFileReference; includeInIndex = 1; lastKnownFileType = text.xcconfig; name = "Pods-MyStory.debug.xcconfig"; path = "Target Support Files/Pods-MyStory/Pods-MyStory.debug.xcconfig"; sourceTree = "<group>"; };
		659F3AE32788B58000DEF325 /* FeedVC.swift */ = {isa = PBXFileReference; lastKnownFileType = sourcecode.swift; path = FeedVC.swift; sourceTree = "<group>"; };
		659F3AE52788B59300DEF325 /* UploadVC.swift */ = {isa = PBXFileReference; lastKnownFileType = sourcecode.swift; path = UploadVC.swift; sourceTree = "<group>"; };
		659F3AE72788B5AE00DEF325 /* SettingsVC.swift */ = {isa = PBXFileReference; lastKnownFileType = sourcecode.swift; path = SettingsVC.swift; sourceTree = "<group>"; };
		659F3AEB2788B98E00DEF325 /* SignupVC.swift */ = {isa = PBXFileReference; lastKnownFileType = sourcecode.swift; path = SignupVC.swift; sourceTree = "<group>"; };
		659F3AED2788C00100DEF325 /* StoryVC.swift */ = {isa = PBXFileReference; lastKnownFileType = sourcecode.swift; path = StoryVC.swift; sourceTree = "<group>"; };
		659F3AF027899B0800DEF325 /* UserSingleton.swift */ = {isa = PBXFileReference; lastKnownFileType = sourcecode.swift; path = UserSingleton.swift; sourceTree = "<group>"; };
		659F3AF22789BFA600DEF325 /* FeedCell.swift */ = {isa = PBXFileReference; lastKnownFileType = sourcecode.swift; path = FeedCell.swift; sourceTree = "<group>"; };
		659F3AF42789C56800DEF325 /* Story.swift */ = {isa = PBXFileReference; lastKnownFileType = sourcecode.swift; path = Story.swift; sourceTree = "<group>"; };
		65CB552A278826D5006B4D42 /* MyStory.app */ = {isa = PBXFileReference; explicitFileType = wrapper.application; includeInIndex = 0; path = MyStory.app; sourceTree = BUILT_PRODUCTS_DIR; };
		65CB552D278826D5006B4D42 /* AppDelegate.swift */ = {isa = PBXFileReference; lastKnownFileType = sourcecode.swift; path = AppDelegate.swift; sourceTree = "<group>"; };
		65CB552F278826D5006B4D42 /* SceneDelegate.swift */ = {isa = PBXFileReference; lastKnownFileType = sourcecode.swift; path = SceneDelegate.swift; sourceTree = "<group>"; };
		65CB5531278826D5006B4D42 /* SigninVC.swift */ = {isa = PBXFileReference; lastKnownFileType = sourcecode.swift; path = SigninVC.swift; sourceTree = "<group>"; };
		65CB5534278826D5006B4D42 /* Base */ = {isa = PBXFileReference; lastKnownFileType = file.storyboard; name = Base; path = Base.lproj/Main.storyboard; sourceTree = "<group>"; };
		65CB5536278826D6006B4D42 /* Assets.xcassets */ = {isa = PBXFileReference; lastKnownFileType = folder.assetcatalog; path = Assets.xcassets; sourceTree = "<group>"; };
		65CB5539278826D6006B4D42 /* Base */ = {isa = PBXFileReference; lastKnownFileType = file.storyboard; name = Base; path = Base.lproj/LaunchScreen.storyboard; sourceTree = "<group>"; };
		65CB553B278826D6006B4D42 /* Info.plist */ = {isa = PBXFileReference; lastKnownFileType = text.plist.xml; path = Info.plist; sourceTree = "<group>"; };
		65CB554127882782006B4D42 /* GoogleService-Info.plist */ = {isa = PBXFileReference; fileEncoding = 4; lastKnownFileType = text.plist.xml; path = "GoogleService-Info.plist"; sourceTree = "<group>"; };
		CC1776CC9ECAD74D75D9F26F /* Pods-MyStory.release.xcconfig */ = {isa = PBXFileReference; includeInIndex = 1; lastKnownFileType = text.xcconfig; name = "Pods-MyStory.release.xcconfig"; path = "Target Support Files/Pods-MyStory/Pods-MyStory.release.xcconfig"; sourceTree = "<group>"; };
/* End PBXFileReference section */

/* Begin PBXFrameworksBuildPhase section */
		65CB5527278826D5006B4D42 /* Frameworks */ = {
			isa = PBXFrameworksBuildPhase;
			buildActionMask = 2147483647;
			files = (
				00283B54BA5897ABD6F75519 /* Pods_MyStory.framework in Frameworks */,
			);
			runOnlyForDeploymentPostprocessing = 0;
		};
/* End PBXFrameworksBuildPhase section */

/* Begin PBXGroup section */
		49DAD94D66D1665CA06FFAF6 /* Frameworks */ = {
			isa = PBXGroup;
			children = (
				0DB88713666A6EF493BBC9F0 /* Pods_MyStory.framework */,
			);
			name = Frameworks;
			sourceTree = "<group>";
		};
		5FBC462D23B572E03E99284C /* Pods */ = {
			isa = PBXGroup;
			children = (
				2CE59C66CCECF5EC87552B2E /* Pods-MyStory.debug.xcconfig */,
				CC1776CC9ECAD74D75D9F26F /* Pods-MyStory.release.xcconfig */,
			);
			path = Pods;
			sourceTree = "<group>";
		};
		659F3AE92788B5E300DEF325 /* ViewControllers */ = {
			isa = PBXGroup;
			children = (
				659F3AEB2788B98E00DEF325 /* SignupVC.swift */,
				65CB5531278826D5006B4D42 /* SigninVC.swift */,
				659F3AE32788B58000DEF325 /* FeedVC.swift */,
				659F3AE52788B59300DEF325 /* UploadVC.swift */,
				659F3AE72788B5AE00DEF325 /* SettingsVC.swift */,
				659F3AED2788C00100DEF325 /* StoryVC.swift */,
				659F3AF22789BFA600DEF325 /* FeedCell.swift */,
			);
			path = ViewControllers;
			sourceTree = "<group>";
		};
		659F3AEA2788B61500DEF325 /* Delegates */ = {
			isa = PBXGroup;
			children = (
				65CB552D278826D5006B4D42 /* AppDelegate.swift */,
				65CB552F278826D5006B4D42 /* SceneDelegate.swift */,
			);
			path = Delegates;
			sourceTree = "<group>";
		};
		659F3AEF27899AD900DEF325 /* Model */ = {
			isa = PBXGroup;
			children = (
				659F3AF027899B0800DEF325 /* UserSingleton.swift */,
				659F3AF42789C56800DEF325 /* Story.swift */,
			);
			path = Model;
			sourceTree = "<group>";
		};
		65CB5521278826D5006B4D42 = {
			isa = PBXGroup;
			children = (
				65CB552C278826D5006B4D42 /* MyStory */,
				65CB552B278826D5006B4D42 /* Products */,
				5FBC462D23B572E03E99284C /* Pods */,
				49DAD94D66D1665CA06FFAF6 /* Frameworks */,
			);
			sourceTree = "<group>";
		};
		65CB552B278826D5006B4D42 /* Products */ = {
			isa = PBXGroup;
			children = (
				65CB552A278826D5006B4D42 /* MyStory.app */,
			);
			name = Products;
			sourceTree = "<group>";
		};
		65CB552C278826D5006B4D42 /* MyStory */ = {
			isa = PBXGroup;
			children = (
				659F3AEF27899AD900DEF325 /* Model */,
				659F3AEA2788B61500DEF325 /* Delegates */,
				659F3AE92788B5E300DEF325 /* ViewControllers */,
				65CB5533278826D5006B4D42 /* Main.storyboard */,
				65CB5536278826D6006B4D42 /* Assets.xcassets */,
				65CB5538278826D6006B4D42 /* LaunchScreen.storyboard */,
				65CB553B278826D6006B4D42 /* Info.plist */,
				65CB554127882782006B4D42 /* GoogleService-Info.plist */,
			);
			path = MyStory;
			sourceTree = "<group>";
		};
/* End PBXGroup section */

/* Begin PBXNativeTarget section */
		65CB5529278826D5006B4D42 /* MyStory */ = {
			isa = PBXNativeTarget;
			buildConfigurationList = 65CB553E278826D6006B4D42 /* Build configuration list for PBXNativeTarget "MyStory" */;
			buildPhases = (
				5FEA706AB35A55696BE974CA /* [CP] Check Pods Manifest.lock */,
				65CB5526278826D5006B4D42 /* Sources */,
				65CB5527278826D5006B4D42 /* Frameworks */,
				65CB5528278826D5006B4D42 /* Resources */,
				9571A42B9EA18CB6F8AD69FD /* [CP] Embed Pods Frameworks */,
			);
			buildRules = (
			);
			dependencies = (
			);
			name = MyStory;
			productName = MyStory;
			productReference = 65CB552A278826D5006B4D42 /* MyStory.app */;
			productType = "com.apple.product-type.application";
		};
/* End PBXNativeTarget section */

/* Begin PBXProject section */
		65CB5522278826D5006B4D42 /* Project object */ = {
			isa = PBXProject;
			attributes = {
				BuildIndependentTargetsInParallel = 1;
				LastSwiftUpdateCheck = 1310;
				LastUpgradeCheck = 1310;
				TargetAttributes = {
					65CB5529278826D5006B4D42 = {
						CreatedOnToolsVersion = 13.1;
					};
				};
			};
			buildConfigurationList = 65CB5525278826D5006B4D42 /* Build configuration list for PBXProject "MyStory" */;
			compatibilityVersion = "Xcode 13.0";
			developmentRegion = en;
			hasScannedForEncodings = 0;
			knownRegions = (
				en,
				Base,
			);
			mainGroup = 65CB5521278826D5006B4D42;
			productRefGroup = 65CB552B278826D5006B4D42 /* Products */;
			projectDirPath = "";
			projectRoot = "";
			targets = (
				65CB5529278826D5006B4D42 /* MyStory */,
			);
		};
/* End PBXProject section */

/* Begin PBXResourcesBuildPhase section */
		65CB5528278826D5006B4D42 /* Resources */ = {
			isa = PBXResourcesBuildPhase;
			buildActionMask = 2147483647;
			files = (
				65CB553A278826D6006B4D42 /* LaunchScreen.storyboard in Resources */,
				65CB554227882782006B4D42 /* GoogleService-Info.plist in Resources */,
				65CB5537278826D6006B4D42 /* Assets.xcassets in Resources */,
				65CB5535278826D5006B4D42 /* Main.storyboard in Resources */,
			);
			runOnlyForDeploymentPostprocessing = 0;
		};
/* End PBXResourcesBuildPhase section */

/* Begin PBXShellScriptBuildPhase section */
		5FEA706AB35A55696BE974CA /* [CP] Check Pods Manifest.lock */ = {
			isa = PBXShellScriptBuildPhase;
			buildActionMask = 2147483647;
			files = (
			);
			inputFileListPaths = (
			);
			inputPaths = (
				"${PODS_PODFILE_DIR_PATH}/Podfile.lock",
				"${PODS_ROOT}/Manifest.lock",
			);
			name = "[CP] Check Pods Manifest.lock";
			outputFileListPaths = (
			);
			outputPaths = (
				"$(DERIVED_FILE_DIR)/Pods-MyStory-checkManifestLockResult.txt",
			);
			runOnlyForDeploymentPostprocessing = 0;
			shellPath = /bin/sh;
			shellScript = "diff \"${PODS_PODFILE_DIR_PATH}/Podfile.lock\" \"${PODS_ROOT}/Manifest.lock\" > /dev/null\nif [ $? != 0 ] ; then\n    # print error to STDERR\n    echo \"error: The sandbox is not in sync with the Podfile.lock. Run 'pod install' or update your CocoaPods installation.\" >&2\n    exit 1\nfi\n# This output is used by Xcode 'outputs' to avoid re-running this script phase.\necho \"SUCCESS\" > \"${SCRIPT_OUTPUT_FILE_0}\"\n";
			showEnvVarsInLog = 0;
		};
		9571A42B9EA18CB6F8AD69FD /* [CP] Embed Pods Frameworks */ = {
			isa = PBXShellScriptBuildPhase;
			buildActionMask = 2147483647;
			files = (
			);
			inputFileListPaths = (
				"${PODS_ROOT}/Target Support Files/Pods-MyStory/Pods-MyStory-frameworks-${CONFIGURATION}-input-files.xcfilelist",
			);
			name = "[CP] Embed Pods Frameworks";
			outputFileListPaths = (
				"${PODS_ROOT}/Target Support Files/Pods-MyStory/Pods-MyStory-frameworks-${CONFIGURATION}-output-files.xcfilelist",
			);
			runOnlyForDeploymentPostprocessing = 0;
			shellPath = /bin/sh;
			shellScript = "\"${PODS_ROOT}/Target Support Files/Pods-MyStory/Pods-MyStory-frameworks.sh\"\n";
			showEnvVarsInLog = 0;
		};
/* End PBXShellScriptBuildPhase section */

/* Begin PBXSourcesBuildPhase section */
		65CB5526278826D5006B4D42 /* Sources */ = {
			isa = PBXSourcesBuildPhase;
			buildActionMask = 2147483647;
			files = (
				659F3AE42788B58000DEF325 /* FeedVC.swift in Sources */,
				659F3AF32789BFA600DEF325 /* FeedCell.swift in Sources */,
				659F3AEC2788B98E00DEF325 /* SignupVC.swift in Sources */,
				659F3AF127899B0800DEF325 /* UserSingleton.swift in Sources */,
				659F3AEE2788C00100DEF325 /* StoryVC.swift in Sources */,
				65CB5532278826D5006B4D42 /* SigninVC.swift in Sources */,
				65CB552E278826D5006B4D42 /* AppDelegate.swift in Sources */,
				659F3AE62788B59300DEF325 /* UploadVC.swift in Sources */,
				65CB5530278826D5006B4D42 /* SceneDelegate.swift in Sources */,
				659F3AE82788B5AE00DEF325 /* SettingsVC.swift in Sources */,
				659F3AF52789C56800DEF325 /* Story.swift in Sources */,
			);
			runOnlyForDeploymentPostprocessing = 0;
		};
/* End PBXSourcesBuildPhase section */

/* Begin PBXVariantGroup section */
		65CB5533278826D5006B4D42 /* Main.storyboard */ = {
			isa = PBXVariantGroup;
			children = (
				65CB5534278826D5006B4D42 /* Base */,
			);
			name = Main.storyboard;
			sourceTree = "<group>";
		};
		65CB5538278826D6006B4D42 /* LaunchScreen.storyboard */ = {
			isa = PBXVariantGroup;
			children = (
				65CB5539278826D6006B4D42 /* Base */,
			);
			name = LaunchScreen.storyboard;
			sourceTree = "<group>";
		};
/* End PBXVariantGroup section */

/* Begin XCBuildConfiguration section */
		65CB553C278826D6006B4D42 /* Debug */ = {
			isa = XCBuildConfiguration;
			buildSettings = {
				ALWAYS_SEARCH_USER_PATHS = NO;
				CLANG_ANALYZER_NONNULL = YES;
				CLANG_ANALYZER_NUMBER_OBJECT_CONVERSION = YES_AGGRESSIVE;
				CLANG_CXX_LANGUAGE_STANDARD = "gnu++17";
				CLANG_CXX_LIBRARY = "libc++";
				CLANG_ENABLE_MODULES = YES;
				CLANG_ENABLE_OBJC_ARC = YES;
				CLANG_ENABLE_OBJC_WEAK = YES;
				CLANG_WARN_BLOCK_CAPTURE_AUTORELEASING = YES;
				CLANG_WARN_BOOL_CONVERSION = YES;
				CLANG_WARN_COMMA = YES;
				CLANG_WARN_CONSTANT_CONVERSION = YES;
				CLANG_WARN_DEPRECATED_OBJC_IMPLEMENTATIONS = YES;
				CLANG_WARN_DIRECT_OBJC_ISA_USAGE = YES_ERROR;
				CLANG_WARN_DOCUMENTATION_COMMENTS = YES;
				CLANG_WARN_EMPTY_BODY = YES;
				CLANG_WARN_ENUM_CONVERSION = YES;
				CLANG_WARN_INFINITE_RECURSION = YES;
				CLANG_WARN_INT_CONVERSION = YES;
				CLANG_WARN_NON_LITERAL_NULL_CONVERSION = YES;
				CLANG_WARN_OBJC_IMPLICIT_RETAIN_SELF = YES;
				CLANG_WARN_OBJC_LITERAL_CONVERSION = YES;
				CLANG_WARN_OBJC_ROOT_CLASS = YES_ERROR;
				CLANG_WARN_QUOTED_INCLUDE_IN_FRAMEWORK_HEADER = YES;
				CLANG_WARN_RANGE_LOOP_ANALYSIS = YES;
				CLANG_WARN_STRICT_PROTOTYPES = YES;
				CLANG_WARN_SUSPICIOUS_MOVE = YES;
				CLANG_WARN_UNGUARDED_AVAILABILITY = YES_AGGRESSIVE;
				CLANG_WARN_UNREACHABLE_CODE = YES;
				CLANG_WARN__DUPLICATE_METHOD_MATCH = YES;
				COPY_PHASE_STRIP = NO;
				DEBUG_INFORMATION_FORMAT = dwarf;
				ENABLE_STRICT_OBJC_MSGSEND = YES;
				ENABLE_TESTABILITY = YES;
				GCC_C_LANGUAGE_STANDARD = gnu11;
				GCC_DYNAMIC_NO_PIC = NO;
				GCC_NO_COMMON_BLOCKS = YES;
				GCC_OPTIMIZATION_LEVEL = 0;
				GCC_PREPROCESSOR_DEFINITIONS = (
					"DEBUG=1",
					"$(inherited)",
				);
				GCC_WARN_64_TO_32_BIT_CONVERSION = YES;
				GCC_WARN_ABOUT_RETURN_TYPE = YES_ERROR;
				GCC_WARN_UNDECLARED_SELECTOR = YES;
				GCC_WARN_UNINITIALIZED_AUTOS = YES_AGGRESSIVE;
				GCC_WARN_UNUSED_FUNCTION = YES;
				GCC_WARN_UNUSED_VARIABLE = YES;
				IPHONEOS_DEPLOYMENT_TARGET = 15.0;
				MTL_ENABLE_DEBUG_INFO = INCLUDE_SOURCE;
				MTL_FAST_MATH = YES;
				ONLY_ACTIVE_ARCH = YES;
				SDKROOT = iphoneos;
				SWIFT_ACTIVE_COMPILATION_CONDITIONS = DEBUG;
				SWIFT_OPTIMIZATION_LEVEL = "-Onone";
			};
			name = Debug;
		};
		65CB553D278826D6006B4D42 /* Release */ = {
			isa = XCBuildConfiguration;
			buildSettings = {
				ALWAYS_SEARCH_USER_PATHS = NO;
				CLANG_ANALYZER_NONNULL = YES;
				CLANG_ANALYZER_NUMBER_OBJECT_CONVERSION = YES_AGGRESSIVE;
				CLANG_CXX_LANGUAGE_STANDARD = "gnu++17";
				CLANG_CXX_LIBRARY = "libc++";
				CLANG_ENABLE_MODULES = YES;
				CLANG_ENABLE_OBJC_ARC = YES;
				CLANG_ENABLE_OBJC_WEAK = YES;
				CLANG_WARN_BLOCK_CAPTURE_AUTORELEASING = YES;
				CLANG_WARN_BOOL_CONVERSION = YES;
				CLANG_WARN_COMMA = YES;
				CLANG_WARN_CONSTANT_CONVERSION = YES;
				CLANG_WARN_DEPRECATED_OBJC_IMPLEMENTATIONS = YES;
				CLANG_WARN_DIRECT_OBJC_ISA_USAGE = YES_ERROR;
				CLANG_WARN_DOCUMENTATION_COMMENTS = YES;
				CLANG_WARN_EMPTY_BODY = YES;
				CLANG_WARN_ENUM_CONVERSION = YES;
				CLANG_WARN_INFINITE_RECURSION = YES;
				CLANG_WARN_INT_CONVERSION = YES;
				CLANG_WARN_NON_LITERAL_NULL_CONVERSION = YES;
				CLANG_WARN_OBJC_IMPLICIT_RETAIN_SELF = YES;
				CLANG_WARN_OBJC_LITERAL_CONVERSION = YES;
				CLANG_WARN_OBJC_ROOT_CLASS = YES_ERROR;
				CLANG_WARN_QUOTED_INCLUDE_IN_FRAMEWORK_HEADER = YES;
				CLANG_WARN_RANGE_LOOP_ANALYSIS = YES;
				CLANG_WARN_STRICT_PROTOTYPES = YES;
				CLANG_WARN_SUSPICIOUS_MOVE = YES;
				CLANG_WARN_UNGUARDED_AVAILABILITY = YES_AGGRESSIVE;
				CLANG_WARN_UNREACHABLE_CODE = YES;
				CLANG_WARN__DUPLICATE_METHOD_MATCH = YES;
				COPY_PHASE_STRIP = NO;
				DEBUG_INFORMATION_FORMAT = "dwarf-with-dsym";
				ENABLE_NS_ASSERTIONS = NO;
				ENABLE_STRICT_OBJC_MSGSEND = YES;
				GCC_C_LANGUAGE_STANDARD = gnu11;
				GCC_NO_COMMON_BLOCKS = YES;
				GCC_WARN_64_TO_32_BIT_CONVERSION = YES;
				GCC_WARN_ABOUT_RETURN_TYPE = YES_ERROR;
				GCC_WARN_UNDECLARED_SELECTOR = YES;
				GCC_WARN_UNINITIALIZED_AUTOS = YES_AGGRESSIVE;
				GCC_WARN_UNUSED_FUNCTION = YES;
				GCC_WARN_UNUSED_VARIABLE = YES;
				IPHONEOS_DEPLOYMENT_TARGET = 15.0;
				MTL_ENABLE_DEBUG_INFO = NO;
				MTL_FAST_MATH = YES;
				SDKROOT = iphoneos;
				SWIFT_COMPILATION_MODE = wholemodule;
				SWIFT_OPTIMIZATION_LEVEL = "-O";
				VALIDATE_PRODUCT = YES;
			};
			name = Release;
		};
		65CB553F278826D6006B4D42 /* Debug */ = {
			isa = XCBuildConfiguration;
			baseConfigurationReference = 2CE59C66CCECF5EC87552B2E /* Pods-MyStory.debug.xcconfig */;
			buildSettings = {
				ASSETCATALOG_COMPILER_APPICON_NAME = AppIcon;
				ASSETCATALOG_COMPILER_GLOBAL_ACCENT_COLOR_NAME = AccentColor;
				CODE_SIGN_STYLE = Automatic;
				CURRENT_PROJECT_VERSION = 1;
				DEVELOPMENT_TEAM = 9WRKNA5JUR;
				GENERATE_INFOPLIST_FILE = YES;
				INFOPLIST_FILE = MyStory/Info.plist;
				INFOPLIST_KEY_UIApplicationSupportsIndirectInputEvents = YES;
				INFOPLIST_KEY_UILaunchStoryboardName = LaunchScreen;
				INFOPLIST_KEY_UIMainStoryboardFile = Main;
				INFOPLIST_KEY_UISupportedInterfaceOrientations_iPad = "UIInterfaceOrientationPortrait UIInterfaceOrientationPortraitUpsideDown UIInterfaceOrientationLandscapeLeft UIInterfaceOrientationLandscapeRight";
				INFOPLIST_KEY_UISupportedInterfaceOrientations_iPhone = "UIInterfaceOrientationPortrait UIInterfaceOrientationLandscapeLeft UIInterfaceOrientationLandscapeRight";
				LD_RUNPATH_SEARCH_PATHS = (
					"$(inherited)",
					"@executable_path/Frameworks",
				);
				MARKETING_VERSION = 1.0;
				PRODUCT_BUNDLE_IDENTIFIER = com.vehitemretellier.MyStory;
				PRODUCT_NAME = "$(TARGET_NAME)";
				SWIFT_EMIT_LOC_STRINGS = YES;
				SWIFT_VERSION = 5.0;
				TARGETED_DEVICE_FAMILY = "1,2";
			};
			name = Debug;
		};
		65CB5540278826D6006B4D42 /* Release */ = {
			isa = XCBuildConfiguration;
			baseConfigurationReference = CC1776CC9ECAD74D75D9F26F /* Pods-MyStory.release.xcconfig */;
			buildSettings = {
				ASSETCATALOG_COMPILER_APPICON_NAME = AppIcon;
				ASSETCATALOG_COMPILER_GLOBAL_ACCENT_COLOR_NAME = AccentColor;
				CODE_SIGN_STYLE = Automatic;
				CURRENT_PROJECT_VERSION = 1;
				DEVELOPMENT_TEAM = 9WRKNA5JUR;
				GENERATE_INFOPLIST_FILE = YES;
				INFOPLIST_FILE = MyStory/Info.plist;
				INFOPLIST_KEY_UIApplicationSupportsIndirectInputEvents = YES;
				INFOPLIST_KEY_UILaunchStoryboardName = LaunchScreen;
				INFOPLIST_KEY_UIMainStoryboardFile = Main;
				INFOPLIST_KEY_UISupportedInterfaceOrientations_iPad = "UIInterfaceOrientationPortrait UIInterfaceOrientationPortraitUpsideDown UIInterfaceOrientationLandscapeLeft UIInterfaceOrientationLandscapeRight";
				INFOPLIST_KEY_UISupportedInterfaceOrientations_iPhone = "UIInterfaceOrientationPortrait UIInterfaceOrientationLandscapeLeft UIInterfaceOrientationLandscapeRight";
				LD_RUNPATH_SEARCH_PATHS = (
					"$(inherited)",
					"@executable_path/Frameworks",
				);
				MARKETING_VERSION = 1.0;
				PRODUCT_BUNDLE_IDENTIFIER = com.vehitemretellier.MyStory;
				PRODUCT_NAME = "$(TARGET_NAME)";
				SWIFT_EMIT_LOC_STRINGS = YES;
				SWIFT_VERSION = 5.0;
				TARGETED_DEVICE_FAMILY = "1,2";
			};
			name = Release;
		};
/* End XCBuildConfiguration section */

/* Begin XCConfigurationList section */
		65CB5525278826D5006B4D42 /* Build configuration list for PBXProject "MyStory" */ = {
			isa = XCConfigurationList;
			buildConfigurations = (
				65CB553C278826D6006B4D42 /* Debug */,
				65CB553D278826D6006B4D42 /* Release */,
			);
			defaultConfigurationIsVisible = 0;
			defaultConfigurationName = Release;
		};
		65CB553E278826D6006B4D42 /* Build configuration list for PBXNativeTarget "MyStory" */ = {
			isa = XCConfigurationList;
			buildConfigurations = (
				65CB553F278826D6006B4D42 /* Debug */,
				65CB5540278826D6006B4D42 /* Release */,
			);
			defaultConfigurationIsVisible = 0;
			defaultConfigurationName = Release;
		};
/* End XCConfigurationList section */
	};
	rootObject = 65CB5522278826D5006B4D42 /* Project object */;
}
